
Microsoft Visual Studio Solution File, Format Version 12.00
# Visual Studio Version 17
VisualStudioVersion = 17.2.32516.85
MinimumVisualStudioVersion = 10.0.40219.1
Project("{FAE04EC0-301F-11D3-BF4B-00C04F79EFBC}") = "AwesomeBack", "AwesomeBack\AwesomeBack.csproj", "{C9C5337F-0A3C-4BD8-B969-2C73C7A361E4}"
EndProject
Global
	GlobalSection(SolutionConfigurationPlatforms) = preSolution
		Debug|Any CPU = Debug|Any CPU
		Release|Any CPU = Release|Any CPU
	EndGlobalSection
	GlobalSection(ProjectConfigurationPlatforms) = postSolution
		{C9C5337F-0A3C-4BD8-B969-2C73C7A361E4}.Debug|Any CPU.ActiveCfg = Debug|Any CPU
		{C9C5337F-0A3C-4BD8-B969-2C73C7A361E4}.Debug|Any CPU.Build.0 = Debug|Any CPU
		{C9C5337F-0A3C-4BD8-B969-2C73C7A361E4}.Release|Any CPU.ActiveCfg = Release|Any CPU
		{C9C5337F-0A3C-4BD8-B969-2C73C7A361E4}.Release|Any CPU.Build.0 = Release|Any CPU
	EndGlobalSection
	GlobalSection(SolutionProperties) = preSolution
		HideSolutionNode = FALSE
	EndGlobalSection
	GlobalSection(ExtensibilityGlobals) = postSolution
		SolutionGuid = {D350B4D4-E077-488E-B385-ED430CCC6A32}
	EndGlobalSection
EndGlobal
